
Microsoft Visual Studio Solution File, Format Version 12.00
# Visual Studio 2013
VisualStudioVersion = 12.0.30501.0
MinimumVisualStudioVersion = 10.0.40219.1
Project("{FAE04EC0-301F-11D3-BF4B-00C04F79EFBC}") = "CommonUtil", "CommonUtil\CommonUtil.csproj", "{DFDE15A3-E41D-4691-B7AD-CB551A421F74}"
EndProject
Project("{FAE04EC0-301F-11D3-BF4B-00C04F79EFBC}") = "Program", "Program\Program.csproj", "{71370B57-734F-4193-B3D0-51D6A2106677}"
EndProject
Global
	GlobalSection(SolutionConfigurationPlatforms) = preSolution
		Debug|Any CPU = Debug|Any CPU
		Release|Any CPU = Release|Any CPU
	EndGlobalSection
	GlobalSection(ProjectConfigurationPlatforms) = postSolution
		{DFDE15A3-E41D-4691-B7AD-CB551A421F74}.Debug|Any CPU.ActiveCfg = Debug|Any CPU
		{DFDE15A3-E41D-4691-B7AD-CB551A421F74}.Debug|Any CPU.Build.0 = Debug|Any CPU
		{DFDE15A3-E41D-4691-B7AD-CB551A421F74}.Release|Any CPU.ActiveCfg = Release|Any CPU
		{DFDE15A3-E41D-4691-B7AD-CB551A421F74}.Release|Any CPU.Build.0 = Release|Any CPU
		{71370B57-734F-4193-B3D0-51D6A2106677}.Debug|Any CPU.ActiveCfg = Debug|Any CPU
		{71370B57-734F-4193-B3D0-51D6A2106677}.Debug|Any CPU.Build.0 = Debug|Any CPU
		{71370B57-734F-4193-B3D0-51D6A2106677}.Release|Any CPU.ActiveCfg = Release|Any CPU
		{71370B57-734F-4193-B3D0-51D6A2106677}.Release|Any CPU.Build.0 = Release|Any CPU
	EndGlobalSection
	GlobalSection(SolutionProperties) = preSolution
		HideSolutionNode = FALSE
	EndGlobalSection
EndGlobal
